// !$*UTF8*$!
{
	archiveVersion = 1;
	classes = {
	};
	objectVersion = 46;
	objects = {

/* Begin PBXBuildFile section */
		0A10FA531A9C0E7700F13B87 /* main.cpp in Sources */ = {isa = PBXBuildFile; fileRef = 0A10FA521A9C0E7700F13B87 /* main.cpp */; };
/* End PBXBuildFile section */

/* Begin PBXCopyFilesBuildPhase section */
		0A10FA4D1A9C0E7700F13B87 /* CopyFiles */ = {
			isa = PBXCopyFilesBuildPhase;
			buildActionMask = 2147483647;
			dstPath = /usr/share/man/man1/;
			dstSubfolderSpec = 0;
			files = (
			);
			runOnlyForDeploymentPostprocessing = 1;
		};
/* End PBXCopyFilesBuildPhase section */

/* Begin PBXFileReference section */
		0A10FA4F1A9C0E7700F13B87 /* MetaMorton */ = {isa = PBXFileReference; explicitFileType = "compiled.mach-o.executable"; includeInIndex = 0; path = MetaMorton; sourceTree = BUILT_PRODUCTS_DIR; };
		0A10FA521A9C0E7700F13B87 /* main.cpp */ = {isa = PBXFileReference; lastKnownFileType = sourcecode.cpp.cpp; path = main.cpp; sourceTree = "<group>"; };
		0A10FA591A9C0F1100F13B87 /* mortoncode.h */ = {isa = PBXFileReference; lastKnownFileType = sourcecode.c.h; path = mortoncode.h; sourceTree = "<group>"; };
		0A10FA5A1AA0044B00F13B87 /* array_builder.h */ = {isa = PBXFileReference; lastKnownFileType = sourcecode.c.h; path = array_builder.h; sourceTree = "<group>"; };
/* End PBXFileReference section */

/* Begin PBXFrameworksBuildPhase section */
		0A10FA4C1A9C0E7700F13B87 /* Frameworks */ = {
			isa = PBXFrameworksBuildPhase;
			buildActionMask = 2147483647;
			files = (
			);
			runOnlyForDeploymentPostprocessing = 0;
		};
/* End PBXFrameworksBuildPhase section */

/* Begin PBXGroup section */
		0A10FA461A9C0E7700F13B87 = {
			isa = PBXGroup;
			children = (
				0A10FA511A9C0E7700F13B87 /* MetaMorton */,
				0A10FA501A9C0E7700F13B87 /* Products */,
			);
			sourceTree = "<group>";
		};
		0A10FA501A9C0E7700F13B87 /* Products */ = {
			isa = PBXGroup;
			children = (
				0A10FA4F1A9C0E7700F13B87 /* MetaMorton */,
			);
			name = Products;
			sourceTree = "<group>";
		};
		0A10FA511A9C0E7700F13B87 /* MetaMorton */ = {
			isa = PBXGroup;
			children = (
				0A10FA521A9C0E7700F13B87 /* main.cpp */,
				0A10FA591A9C0F1100F13B87 /* mortoncode.h */,
				0A10FA5A1AA0044B00F13B87 /* array_builder.h */,
			);
			path = MetaMorton;
			sourceTree = "<group>";
		};
/* End PBXGroup section */

/* Begin PBXNativeTarget section */
		0A10FA4E1A9C0E7700F13B87 /* MetaMorton */ = {
			isa = PBXNativeTarget;
			buildConfigurationList = 0A10FA561A9C0E7700F13B87 /* Build configuration list for PBXNativeTarget "MetaMorton" */;
			buildPhases = (
				0A10FA4B1A9C0E7700F13B87 /* Sources */,
				0A10FA4C1A9C0E7700F13B87 /* Frameworks */,
				0A10FA4D1A9C0E7700F13B87 /* CopyFiles */,
			);
			buildRules = (
			);
			dependencies = (
			);
			name = MetaMorton;
			productName = MetaMorton;
			productReference = 0A10FA4F1A9C0E7700F13B87 /* MetaMorton */;
			productType = "com.apple.product-type.tool";
		};
/* End PBXNativeTarget section */

/* Begin PBXProject section */
		0A10FA471A9C0E7700F13B87 /* Project object */ = {
			isa = PBXProject;
			attributes = {
				LastUpgradeCheck = 0610;
				ORGANIZATIONNAME = "Kevin Hartman";
				TargetAttributes = {
					0A10FA4E1A9C0E7700F13B87 = {
						CreatedOnToolsVersion = 6.1.1;
					};
				};
			};
			buildConfigurationList = 0A10FA4A1A9C0E7700F13B87 /* Build configuration list for PBXProject "MetaMorton" */;
			compatibilityVersion = "Xcode 3.2";
			developmentRegion = English;
			hasScannedForEncodings = 0;
			knownRegions = (
				en,
			);
			mainGroup = 0A10FA461A9C0E7700F13B87;
			productRefGroup = 0A10FA501A9C0E7700F13B87 /* Products */;
			projectDirPath = "";
			projectRoot = "";
			targets = (
				0A10FA4E1A9C0E7700F13B87 /* MetaMorton */,
			);
		};
/* End PBXProject section */

/* Begin PBXSourcesBuildPhase section */
		0A10FA4B1A9C0E7700F13B87 /* Sources */ = {
			isa = PBXSourcesBuildPhase;
			buildActionMask = 2147483647;
			files = (
				0A10FA531A9C0E7700F13B87 /* main.cpp in Sources */,
			);
			runOnlyForDeploymentPostprocessing = 0;
		};
/* End PBXSourcesBuildPhase section */

/* Begin XCBuildConfiguration section */
		0A10FA541A9C0E7700F13B87 /* Debug */ = {
			isa = XCBuildConfiguration;
			buildSettings = {
				ALWAYS_SEARCH_USER_PATHS = NO;
				CLANG_CXX_LANGUAGE_STANDARD = "gnu++0x";
				CLANG_CXX_LIBRARY = "libc++";
				CLANG_ENABLE_MODULES = YES;
				CLANG_ENABLE_OBJC_ARC = YES;
				CLANG_WARN_BOOL_CONVERSION = YES;
				CLANG_WARN_CONSTANT_CONVERSION = YES;
				CLANG_WARN_DIRECT_OBJC_ISA_USAGE = YES_ERROR;
				CLANG_WARN_EMPTY_BODY = YES;
				CLANG_WARN_ENUM_CONVERSION = YES;
				CLANG_WARN_INT_CONVERSION = YES;
				CLANG_WARN_OBJC_ROOT_CLASS = YES_ERROR;
				CLANG_WARN_UNREACHABLE_CODE = YES;
				CLANG_WARN__DUPLICATE_METHOD_MATCH = YES;
				COPY_PHASE_STRIP = NO;
				ENABLE_STRICT_OBJC_MSGSEND = YES;
				GCC_C_LANGUAGE_STANDARD = gnu99;
				GCC_DYNAMIC_NO_PIC = NO;
				GCC_OPTIMIZATION_LEVEL = 0;
				GCC_PREPROCESSOR_DEFINITIONS = (
					"DEBUG=1",
					"$(inherited)",
				);
				GCC_SYMBOLS_PRIVATE_EXTERN = NO;
				GCC_WARN_64_TO_32_BIT_CONVERSION = YES;
				GCC_WARN_ABOUT_RETURN_TYPE = YES_ERROR;
				GCC_WARN_UNDECLARED_SELECTOR = YES;
				GCC_WARN_UNINITIALIZED_AUTOS = YES_AGGRESSIVE;
				GCC_WARN_UNUSED_FUNCTION = YES;
				GCC_WARN_UNUSED_VARIABLE = YES;
				MACOSX_DEPLOYMENT_TARGET = 10.10;
				MTL_ENABLE_DEBUG_INFO = YES;
				ONLY_ACTIVE_ARCH = YES;
				SDKROOT = macosx;
			};
			name = Debug;
		};
		0A10FA551A9C0E7700F13B87 /* Release */ = {
			isa = XCBuildConfiguration;
			buildSettings = {
				ALWAYS_SEARCH_USER_PATHS = NO;
				CLANG_CXX_LANGUAGE_STANDARD = "gnu++0x";
				CLANG_CXX_LIBRARY = "libc++";
				CLANG_ENABLE_MODULES = YES;
				CLANG_ENABLE_OBJC_ARC = YES;
				CLANG_WARN_BOOL_CONVERSION = YES;
				CLANG_WARN_CONSTANT_CONVERSION = YES;
				CLANG_WARN_DIRECT_OBJC_ISA_USAGE = YES_ERROR;
				CLANG_WARN_EMPTY_BODY = YES;
				CLANG_WARN_ENUM_CONVERSION = YES;
				CLANG_WARN_INT_CONVERSION = YES;
				CLANG_WARN_OBJC_ROOT_CLASS = YES_ERROR;
				CLANG_WARN_UNREACHABLE_CODE = YES;
				CLANG_WARN__DUPLICATE_METHOD_MATCH = YES;
				COPY_PHASE_STRIP = YES;
				DEBUG_INFORMATION_FORMAT = "dwarf-with-dsym";
				ENABLE_NS_ASSERTIONS = NO;
				ENABLE_STRICT_OBJC_MSGSEND = YES;
				GCC_C_LANGUAGE_STANDARD = gnu99;
				GCC_WARN_64_TO_32_BIT_CONVERSION = YES;
				GCC_WARN_ABOUT_RETURN_TYPE = YES_ERROR;
				GCC_WARN_UNDECLARED_SELECTOR = YES;
				GCC_WARN_UNINITIALIZED_AUTOS = YES_AGGRESSIVE;
				GCC_WARN_UNUSED_FUNCTION = YES;
				GCC_WARN_UNUSED_VARIABLE = YES;
				MACOSX_DEPLOYMENT_TARGET = 10.10;
				MTL_ENABLE_DEBUG_INFO = NO;
				SDKROOT = macosx;
			};
			name = Release;
		};
		0A10FA571A9C0E7700F13B87 /* Debug */ = {
			isa = XCBuildConfiguration;
			buildSettings = {
				PRODUCT_NAME = "$(TARGET_NAME)";
			};
			name = Debug;
		};
		0A10FA581A9C0E7700F13B87 /* Release */ = {
			isa = XCBuildConfiguration;
			buildSettings = {
				PRODUCT_NAME = "$(TARGET_NAME)";
			};
			name = Release;
		};
/* End XCBuildConfiguration section */

/* Begin XCConfigurationList section */
		0A10FA4A1A9C0E7700F13B87 /* Build configuration list for PBXProject "MetaMorton" */ = {
			isa = XCConfigurationList;
			buildConfigurations = (
				0A10FA541A9C0E7700F13B87 /* Debug */,
				0A10FA551A9C0E7700F13B87 /* Release */,
			);
			defaultConfigurationIsVisible = 0;
			defaultConfigurationName = Release;
		};
		0A10FA561A9C0E7700F13B87 /* Build configuration list for PBXNativeTarget "MetaMorton" */ = {
			isa = XCConfigurationList;
			buildConfigurations = (
				0A10FA571A9C0E7700F13B87 /* Debug */,
				0A10FA581A9C0E7700F13B87 /* Release */,
			);
			defaultConfigurationIsVisible = 0;
			defaultConfigurationName = Release;
		};
/* End XCConfigurationList section */
	};
	rootObject = 0A10FA471A9C0E7700F13B87 /* Project object */;
}
